
Microsoft Visual Studio Solution File, Format Version 12.00
# Visual Studio Version 17
VisualStudioVersion = 17.0.31903.59
MinimumVisualStudioVersion = 10.0.40219.1
Project("{2150E333-8FDC-42A3-9474-1A3956D46DE8}") = "src", "src", "{91737E7F-7F91-46E4-8CF7-679A2883538E}"
EndProject
Project("{FAE04EC0-301F-11D3-BF4B-00C04F79EFBC}") = "ClientDataHarvester.WebApi", "src\ClientDataHarvester.WebApi\ClientDataHarvester.WebApi.csproj", "{B88F9A73-3E10-4D5C-8EF5-27E691A92341}"
EndProject
Global
	GlobalSection(SolutionConfigurationPlatforms) = preSolution
		Debug|Any CPU = Debug|Any CPU
		Release|Any CPU = Release|Any CPU
	EndGlobalSection
	GlobalSection(SolutionProperties) = preSolution
		HideSolutionNode = FALSE
	EndGlobalSection
	GlobalSection(ProjectConfigurationPlatforms) = postSolution
		{B88F9A73-3E10-4D5C-8EF5-27E691A92341}.Debug|Any CPU.ActiveCfg = Debug|Any CPU
		{B88F9A73-3E10-4D5C-8EF5-27E691A92341}.Debug|Any CPU.Build.0 = Debug|Any CPU
		{B88F9A73-3E10-4D5C-8EF5-27E691A92341}.Release|Any CPU.ActiveCfg = Release|Any CPU
		{B88F9A73-3E10-4D5C-8EF5-27E691A92341}.Release|Any CPU.Build.0 = Release|Any CPU
	EndGlobalSection
	GlobalSection(NestedProjects) = preSolution
		{B88F9A73-3E10-4D5C-8EF5-27E691A92341} = {91737E7F-7F91-46E4-8CF7-679A2883538E}
	EndGlobalSection
EndGlobal
